
Microsoft Visual Studio Solution File, Format Version 12.00
# Visual Studio 15
VisualStudioVersion = 15.0.28307.705
MinimumVisualStudioVersion = 10.0.40219.1
Project("{9A19103F-16F7-4668-BE54-9A1E7A4F7556}") = "BillableHours.Web", "BillableHours.Web\BillableHours.Web.csproj", "{1578999C-3223-4A77-A4E4-470EB2F3F3C1}"
EndProject
Project("{9A19103F-16F7-4668-BE54-9A1E7A4F7556}") = "BillableHours.Api", "BillableHours.Api\BillableHours.Api.csproj", "{42F1E604-B069-4506-9F25-C03A44ACE55E}"
EndProject
Project("{9A19103F-16F7-4668-BE54-9A1E7A4F7556}") = "BillableHours.Common", "BillableHours.Common\BillableHours.Common.csproj", "{7022B583-5352-4853-88BD-32847012AD5A}"
EndProject
Project("{9A19103F-16F7-4668-BE54-9A1E7A4F7556}") = "BillableHours.DAL", "BillableHours.DAL\BillableHours.DAL.csproj", "{1739054F-B956-48D0-9553-0A1406732958}"
EndProject
Global
	GlobalSection(SolutionConfigurationPlatforms) = preSolution
		Debug|Any CPU = Debug|Any CPU
		Release|Any CPU = Release|Any CPU
	EndGlobalSection
	GlobalSection(ProjectConfigurationPlatforms) = postSolution
		{1578999C-3223-4A77-A4E4-470EB2F3F3C1}.Debug|Any CPU.ActiveCfg = Debug|Any CPU
		{1578999C-3223-4A77-A4E4-470EB2F3F3C1}.Debug|Any CPU.Build.0 = Debug|Any CPU
		{1578999C-3223-4A77-A4E4-470EB2F3F3C1}.Release|Any CPU.ActiveCfg = Release|Any CPU
		{1578999C-3223-4A77-A4E4-470EB2F3F3C1}.Release|Any CPU.Build.0 = Release|Any CPU
		{42F1E604-B069-4506-9F25-C03A44ACE55E}.Debug|Any CPU.ActiveCfg = Debug|Any CPU
		{42F1E604-B069-4506-9F25-C03A44ACE55E}.Debug|Any CPU.Build.0 = Debug|Any CPU
		{42F1E604-B069-4506-9F25-C03A44ACE55E}.Release|Any CPU.ActiveCfg = Release|Any CPU
		{42F1E604-B069-4506-9F25-C03A44ACE55E}.Release|Any CPU.Build.0 = Release|Any CPU
		{7022B583-5352-4853-88BD-32847012AD5A}.Debug|Any CPU.ActiveCfg = Debug|Any CPU
		{7022B583-5352-4853-88BD-32847012AD5A}.Debug|Any CPU.Build.0 = Debug|Any CPU
		{7022B583-5352-4853-88BD-32847012AD5A}.Release|Any CPU.ActiveCfg = Release|Any CPU
		{7022B583-5352-4853-88BD-32847012AD5A}.Release|Any CPU.Build.0 = Release|Any CPU
		{1739054F-B956-48D0-9553-0A1406732958}.Debug|Any CPU.ActiveCfg = Debug|Any CPU
		{1739054F-B956-48D0-9553-0A1406732958}.Debug|Any CPU.Build.0 = Debug|Any CPU
		{1739054F-B956-48D0-9553-0A1406732958}.Release|Any CPU.ActiveCfg = Release|Any CPU
		{1739054F-B956-48D0-9553-0A1406732958}.Release|Any CPU.Build.0 = Release|Any CPU
	EndGlobalSection
	GlobalSection(SolutionProperties) = preSolution
		HideSolutionNode = FALSE
	EndGlobalSection
	GlobalSection(ExtensibilityGlobals) = postSolution
		SolutionGuid = {D5AE2293-F4E1-4586-9F40-4B8845B3776B}
	EndGlobalSection
EndGlobal
